
Microsoft Visual Studio Solution File, Format Version 12.00
# Visual Studio Version 17
VisualStudioVersion = 17.9.34607.119
MinimumVisualStudioVersion = 10.0.40219.1
Project("{FAE04EC0-301F-11D3-BF4B-00C04F79EFBC}") = "week 2 lesson 7 exercise nr.13", "week 2 lesson 7 exercise nr.13\week 2 lesson 7 exercise nr.13.csproj", "{62A8498F-33C9-432A-8F37-E0056B13EA64}"
EndProject
Global
	GlobalSection(SolutionConfigurationPlatforms) = preSolution
		Debug|Any CPU = Debug|Any CPU
		Release|Any CPU = Release|Any CPU
	EndGlobalSection
	GlobalSection(ProjectConfigurationPlatforms) = postSolution
		{62A8498F-33C9-432A-8F37-E0056B13EA64}.Debug|Any CPU.ActiveCfg = Debug|Any CPU
		{62A8498F-33C9-432A-8F37-E0056B13EA64}.Debug|Any CPU.Build.0 = Debug|Any CPU
		{62A8498F-33C9-432A-8F37-E0056B13EA64}.Release|Any CPU.ActiveCfg = Release|Any CPU
		{62A8498F-33C9-432A-8F37-E0056B13EA64}.Release|Any CPU.Build.0 = Release|Any CPU
	EndGlobalSection
	GlobalSection(SolutionProperties) = preSolution
		HideSolutionNode = FALSE
	EndGlobalSection
	GlobalSection(ExtensibilityGlobals) = postSolution
		SolutionGuid = {83B16084-BBEF-4DB5-8F07-6AE7B7E8D956}
	EndGlobalSection
EndGlobal
